{
  "requires": true,
  "lockfileVersion": 1,
  "dependencies": {
    "react-awesome-modal": {
      "version": "2.0.5",
      "resolved": "https://registry.npmjs.org/react-awesome-modal/-/react-awesome-modal-2.0.5.tgz",
      "integrity": "sha512-H+0xKBhcGJCoDtMww5K+XUzQtK+oRNpXr1VZoN1tbBgu+fzrLrF+ZkdRC1XiPLJ5gpVd9uR90yg8nyPTtYj/OQ=="
    },
    "react-filter-search": {
      "version": "1.0.11",
      "resolved": "https://registry.npmjs.org/react-filter-search/-/react-filter-search-1.0.11.tgz",
      "integrity": "sha512-iHTUToEyUYbXqb/hNn8KM4zo0NtbGamEKuBJc0kvnXyJZBCUbkD9TQW+DaeA3wwV0sRZ0r64MXIEHJWHPw+Omw=="
    },
    "simple-react-modal": {
      "version": "0.5.1",
      "resolved": "https://registry.npmjs.org/simple-react-modal/-/simple-react-modal-0.5.1.tgz",
      "integrity": "sha1-oyvOJBjVJ6SN/ht8w0PHpXoArxA="
    }
  }
}
