{
  "requires": true,
  "lockfileVersion": 1,
  "dependencies": {
    "react-filter-search": {
      "version": "1.0.11",
      "resolved": "https://registry.npmjs.org/react-filter-search/-/react-filter-search-1.0.11.tgz",
      "integrity": "sha512-iHTUToEyUYbXqb/hNn8KM4zo0NtbGamEKuBJc0kvnXyJZBCUbkD9TQW+DaeA3wwV0sRZ0r64MXIEHJWHPw+Omw=="
    }
  }
}
